
Microsoft Visual Studio Solution File, Format Version 12.00
# Visual Studio Version 17
VisualStudioVersion = 17.10.35027.167
MinimumVisualStudioVersion = 10.0.40219.1
Project("{FAE04EC0-301F-11D3-BF4B-00C04F79EFBC}") = "SimpleNativeLLMClient", "SimpleNativeLLMClient.csproj", "{18738288-4265-4BBE-93AD-732B9303DB72}"
EndProject
Global
	GlobalSection(SolutionConfigurationPlatforms) = preSolution
		Debug|Any CPU = Debug|Any CPU
		Release|Any CPU = Release|Any CPU
	EndGlobalSection
	GlobalSection(ProjectConfigurationPlatforms) = postSolution
		{18738288-4265-4BBE-93AD-732B9303DB72}.Debug|Any CPU.ActiveCfg = Debug|Any CPU
		{18738288-4265-4BBE-93AD-732B9303DB72}.Debug|Any CPU.Build.0 = Debug|Any CPU
		{18738288-4265-4BBE-93AD-732B9303DB72}.Release|Any CPU.ActiveCfg = Release|Any CPU
		{18738288-4265-4BBE-93AD-732B9303DB72}.Release|Any CPU.Build.0 = Release|Any CPU
	EndGlobalSection
	GlobalSection(SolutionProperties) = preSolution
		HideSolutionNode = FALSE
	EndGlobalSection
	GlobalSection(ExtensibilityGlobals) = postSolution
		SolutionGuid = {79E1BA49-3E7C-4009-A12D-3C6AE19486F6}
	EndGlobalSection
EndGlobal
